Microsoft Visual Studio Solution File, Format Version 12.00
# Visual Studio Version 17
VisualStudioVersion = 17.0.31903.59
MinimumVisualStudioVersion = 10.0.40219.1
Project("{FAE04EC0-301F-11D3-BF4B-00C04F79EFBC}") = "Davivienda.GraphQL.Api", "src/Davivienda.GraphQL.Api/Davivienda.GraphQL.Api.csproj", "{54ECC7DE-2F49-4515-8039-224FF54CE183}"
EndProject
Global
	GlobalSection(SolutionConfigurationPlatforms) = preSolution
		Debug|Any CPU = Debug|Any CPU
		Release|Any CPU = Release|Any CPU
	EndGlobalSection
	GlobalSection(ProjectConfigurationPlatforms) = postSolution
		{54ECC7DE-2F49-4515-8039-224FF54CE183}.Debug|Any CPU.ActiveCfg = Debug|Any CPU
		{54ECC7DE-2F49-4515-8039-224FF54CE183}.Debug|Any CPU.Build.0 = Debug|Any CPU
		{54ECC7DE-2F49-4515-8039-224FF54CE183}.Release|Any CPU.ActiveCfg = Release|Any CPU
		{54ECC7DE-2F49-4515-8039-224FF54CE183}.Release|Any CPU.Build.0 = Release|Any CPU
	EndGlobalSection
	GlobalSection(SolutionProperties) = preSolution
		HideSolutionNode = FALSE
	EndGlobalSection
	GlobalSection(ExtensibilityGlobals) = postSolution
		SolutionGuid = {D92C43DD-07EA-4B3B-837F-E01AE1522511}
	EndGlobalSection
EndGlobal
